Microsoft Visual Studio Solution File, Format Version 12.00
# Visual Studio 15
VisualStudioVersion = 15.0.27703.2026
MinimumVisualStudioVersion = 10.0.40219.1
Project("{FAE04EC0-301F-11D3-BF4B-00C04F79EFBC}") = "MyDotLibrary", "MyDotLibrary\MyDotLibrary.csproj", "{E6977A1E-D124-4BDC-9A23-33DC609ABA9C}"
EndProject
Project("{FAE04EC0-301F-11D3-BF4B-00C04F79EFBC}") = "MyDotSample", "MyDotSample\MyDotSample.csproj", "{B98974F0-6820-43BC-9DBB-D4E0FD4D9A62}"
EndProject
Project("{FAE04EC0-301F-11D3-BF4B-00C04F79EFBC}") = "MyDotSample.Test", "MyDotSample.Test\MyDotSample.Test.csproj", "{C99286A0-F685-4388-A7F4-8F4825C954DD}"
EndProject
Project("{FAE04EC0-301F-11D3-BF4B-00C04F79EFBC}") = "RecetasMockup.Tests", "RecetasMockup.Tests\RecetasMockup.Tests.csproj", "{64935028-1D3F-462C-8DE9-135E6F6FE73D}"
EndProject
Project("{FAE04EC0-301F-11D3-BF4B-00C04F79EFBC}") = "RecetasMockup", "RecetasMockup\RecetasMockup.csproj", "{355DCD6A-3CA7-416B-BF7B-DEC2D66358C9}"
EndProject
Global
	GlobalSection(SolutionConfigurationPlatforms) = preSolution
		Debug|Any CPU = Debug|Any CPU
		Release|Any CPU = Release|Any CPU
	EndGlobalSection
	GlobalSection(ProjectConfigurationPlatforms) = postSolution
		{E6977A1E-D124-4BDC-9A23-33DC609ABA9C}.Debug|Any CPU.ActiveCfg = Debug|Any CPU
		{E6977A1E-D124-4BDC-9A23-33DC609ABA9C}.Debug|Any CPU.Build.0 = Debug|Any CPU
		{E6977A1E-D124-4BDC-9A23-33DC609ABA9C}.Release|Any CPU.ActiveCfg = Release|Any CPU
		{E6977A1E-D124-4BDC-9A23-33DC609ABA9C}.Release|Any CPU.Build.0 = Release|Any CPU
		{B98974F0-6820-43BC-9DBB-D4E0FD4D9A62}.Debug|Any CPU.ActiveCfg = Debug|Any CPU
		{B98974F0-6820-43BC-9DBB-D4E0FD4D9A62}.Debug|Any CPU.Build.0 = Debug|Any CPU
		{B98974F0-6820-43BC-9DBB-D4E0FD4D9A62}.Release|Any CPU.ActiveCfg = Release|Any CPU
		{B98974F0-6820-43BC-9DBB-D4E0FD4D9A62}.Release|Any CPU.Build.0 = Release|Any CPU
		{C99286A0-F685-4388-A7F4-8F4825C954DD}.Debug|Any CPU.ActiveCfg = Debug|Any CPU
		{C99286A0-F685-4388-A7F4-8F4825C954DD}.Debug|Any CPU.Build.0 = Debug|Any CPU
		{C99286A0-F685-4388-A7F4-8F4825C954DD}.Release|Any CPU.ActiveCfg = Release|Any CPU
		{C99286A0-F685-4388-A7F4-8F4825C954DD}.Release|Any CPU.Build.0 = Release|Any CPU
		{64935028-1D3F-462C-8DE9-135E6F6FE73D}.Debug|Any CPU.ActiveCfg = Debug|Any CPU
		{64935028-1D3F-462C-8DE9-135E6F6FE73D}.Debug|Any CPU.Build.0 = Debug|Any CPU
		{64935028-1D3F-462C-8DE9-135E6F6FE73D}.Release|Any CPU.ActiveCfg = Release|Any CPU
		{64935028-1D3F-462C-8DE9-135E6F6FE73D}.Release|Any CPU.Build.0 = Release|Any CPU
		{355DCD6A-3CA7-416B-BF7B-DEC2D66358C9}.Debug|Any CPU.ActiveCfg = Debug|Any CPU
		{355DCD6A-3CA7-416B-BF7B-DEC2D66358C9}.Debug|Any CPU.Build.0 = Debug|Any CPU
		{355DCD6A-3CA7-416B-BF7B-DEC2D66358C9}.Release|Any CPU.ActiveCfg = Release|Any CPU
		{355DCD6A-3CA7-416B-BF7B-DEC2D66358C9}.Release|Any CPU.Build.0 = Release|Any CPU
	EndGlobalSection
	GlobalSection(SolutionProperties) = preSolution
		HideSolutionNode = FALSE
	EndGlobalSection
	GlobalSection(ExtensibilityGlobals) = postSolution
		SolutionGuid = {46BB0BBD-3F94-4EA5-BD83-4D0ED4E05174}
	EndGlobalSection
EndGlobal
